// !$*UTF8*$!
{
	archiveVersion = 1;
	classes = {
	};
	objectVersion = 56;
	objects = {

/* Begin PBXBuildFile section */
		B6078506295161B400C6897E /* GoogleMobileAds in Frameworks */ = {isa = PBXBuildFile; productRef = B6078505295161B400C6897E /* GoogleMobileAds */; };
		B60785102951706E00C6897E /* BannerView.swift in Sources */ = {isa = PBXBuildFile; fileRef = B607850F2951706E00C6897E /* BannerView.swift */; };
		B60EC483292DDD6200483710 /* Constants.swift in Sources */ = {isa = PBXBuildFile; fileRef = B60EC482292DDD6200483710 /* Constants.swift */; };
		B60EC4852933182700483710 /* ColorShadeView.swift in Sources */ = {isa = PBXBuildFile; fileRef = B60EC4842933182700483710 /* ColorShadeView.swift */; };
		B619EB2A2980D470001BF11A /* SliderCmykGroupView.swift in Sources */ = {isa = PBXBuildFile; fileRef = B619EB292980D470001BF11A /* SliderCmykGroupView.swift */; };
		B61D9C862963E0AD00ED0D0E /* RevenueCat in Frameworks */ = {isa = PBXBuildFile; productRef = B61D9C852963E0AD00ED0D0E /* RevenueCat */; };
		B625B14129668D85001E1890 /* LaunchScreen.storyboard in Resources */ = {isa = PBXBuildFile; fileRef = B625B14029668D85001E1890 /* LaunchScreen.storyboard */; };
		B625B1432968A090001E1890 /* StoreKit.framework in Frameworks */ = {isa = PBXBuildFile; fileRef = B625B1422968A090001E1890 /* StoreKit.framework */; };
		B625B1462968B011001E1890 /* PurchasesDelegateHandler.swift in Sources */ = {isa = PBXBuildFile; fileRef = B625B1452968B011001E1890 /* PurchasesDelegateHandler.swift */; };
		B625B1482968B188001E1890 /* ConfigurationManager.swift in Sources */ = {isa = PBXBuildFile; fileRef = B625B1472968B188001E1890 /* ConfigurationManager.swift */; };
		B625B14A2968BEEF001E1890 /* RevenueViewModel.swift in Sources */ = {isa = PBXBuildFile; fileRef = B625B1492968BEEF001E1890 /* RevenueViewModel.swift */; };
		B625B14D296A2CED001E1890 /* ImageView.swift in Sources */ = {isa = PBXBuildFile; fileRef = B625B14C296A2CED001E1890 /* ImageView.swift */; };
		B637962B29159F110004DBC0 /* ImageButtonView.swift in Sources */ = {isa = PBXBuildFile; fileRef = B637962A29159F110004DBC0 /* ImageButtonView.swift */; };
		B6471B2D292B31C6006A1474 /* BorderedRectView.swift in Sources */ = {isa = PBXBuildFile; fileRef = B6471B2C292B31C6006A1474 /* BorderedRectView.swift */; };
		B659D56F2940378800BB4D76 /* TooltipView.swift in Sources */ = {isa = PBXBuildFile; fileRef = B659D56E2940378800BB4D76 /* TooltipView.swift */; };
		B659D5722943D28600BB4D76 /* PressableButtonView.swift in Sources */ = {isa = PBXBuildFile; fileRef = B659D5712943D28600BB4D76 /* PressableButtonView.swift */; };
		B659D5752944D10C00BB4D76 /* FirebaseAnalytics in Frameworks */ = {isa = PBXBuildFile; productRef = B659D5742944D10C00BB4D76 /* FirebaseAnalytics */; };
		B659D5772944D25200BB4D76 /* GoogleService-Info.plist in Resources */ = {isa = PBXBuildFile; fileRef = B659D5762944D25200BB4D76 /* GoogleService-Info.plist */; };
		B68C1A4129213D1300AC7662 /* ColorSliderView.swift in Sources */ = {isa = PBXBuildFile; fileRef = B68C1A4029213D1300AC7662 /* ColorSliderView.swift */; };
		B68C1A4429213E8500AC7662 /* ColorTypeView.swift in Sources */ = {isa = PBXBuildFile; fileRef = B68C1A4329213E8500AC7662 /* ColorTypeView.swift */; };
		B68C1A4829215E6900AC7662 /* Array.swift in Sources */ = {isa = PBXBuildFile; fileRef = B68C1A4729215E6900AC7662 /* Array.swift */; };
		B68C1A4A2921C2B000AC7662 /* ColorIconView.swift in Sources */ = {isa = PBXBuildFile; fileRef = B68C1A492921C2B000AC7662 /* ColorIconView.swift */; };
		B68C1A4C2923471500AC7662 /* ColorHexTextView.swift in Sources */ = {isa = PBXBuildFile; fileRef = B68C1A4B2923471500AC7662 /* ColorHexTextView.swift */; };
		B68C1A522927323900AC7662 /* SliderRgbGroupView.swift in Sources */ = {isa = PBXBuildFile; fileRef = B68C1A512927323900AC7662 /* SliderRgbGroupView.swift */; };
		B68C1A54292734FB00AC7662 /* SliderHsbGroupView.swift in Sources */ = {isa = PBXBuildFile; fileRef = B68C1A53292734FB00AC7662 /* SliderHsbGroupView.swift */; };
		B68C1A5629273F4500AC7662 /* SliderGroupContainerView.swift in Sources */ = {isa = PBXBuildFile; fileRef = B68C1A5529273F4500AC7662 /* SliderGroupContainerView.swift */; };
		B68C1A5F292928A600AC7662 /* ToolBarView.swift in Sources */ = {isa = PBXBuildFile; fileRef = B68C1A5E292928A600AC7662 /* ToolBarView.swift */; };
		B68C1A612929DC5400AC7662 /* FavoritesView.swift in Sources */ = {isa = PBXBuildFile; fileRef = B68C1A602929DC5400AC7662 /* FavoritesView.swift */; };
		B68C1A632929DD0800AC7662 /* FavoriteColor.swift in Sources */ = {isa = PBXBuildFile; fileRef = B68C1A622929DD0800AC7662 /* FavoriteColor.swift */; };
		B68C1A652929DF7600AC7662 /* UserDefaults.swift in Sources */ = {isa = PBXBuildFile; fileRef = B68C1A642929DF7600AC7662 /* UserDefaults.swift */; };
		B698946C293BA5790057265D /* String.swift in Sources */ = {isa = PBXBuildFile; fileRef = B698946B293BA5790057265D /* String.swift */; };
		B698946F293C55450057265D /* ReferencesView.swift in Sources */ = {isa = PBXBuildFile; fileRef = B698946E293C55450057265D /* ReferencesView.swift */; };
		B6A695822909B482003DEE57 /* ContentContainerView.swift in Sources */ = {isa = PBXBuildFile; fileRef = B6A695812909B482003DEE57 /* ContentContainerView.swift */; };
		B6A69584290A2DE2003DEE57 /* SliderControlView.swift in Sources */ = {isa = PBXBuildFile; fileRef = B6A69583290A2DE2003DEE57 /* SliderControlView.swift */; };
		B6A69586290C7109003DEE57 /* SliderView.swift in Sources */ = {isa = PBXBuildFile; fileRef = B6A69585290C7109003DEE57 /* SliderView.swift */; };
		B6B30CEB295408EB00F92811 /* Admob.swift in Sources */ = {isa = PBXBuildFile; fileRef = B6B30CEA295408EB00F92811 /* Admob.swift */; };
		B6B30CF7295792C900F92811 /* FloatToolbarViewModifier.swift in Sources */ = {isa = PBXBuildFile; fileRef = B6B30CF6295792C900F92811 /* FloatToolbarViewModifier.swift */; };
		B6B30CFA2957931100F92811 /* AboutView.swift in Sources */ = {isa = PBXBuildFile; fileRef = B6B30CF92957931100F92811 /* AboutView.swift */; };
		B6B30CFC2957938600F92811 /* ModalViewModifier.swift in Sources */ = {isa = PBXBuildFile; fileRef = B6B30CFB2957938500F92811 /* ModalViewModifier.swift */; };
		B6B30CFE2957950100F92811 /* CloseButtonView.swift in Sources */ = {isa = PBXBuildFile; fileRef = B6B30CFD2957950100F92811 /* CloseButtonView.swift */; };
		B6B30D002958A8B700F92811 /* VerticalSliderView.swift in Sources */ = {isa = PBXBuildFile; fileRef = B6B30CFF2958A8B700F92811 /* VerticalSliderView.swift */; };
		B6BBCF4E2916B1D90010C3FE /* ColorDetailView.swift in Sources */ = {isa = PBXBuildFile; fileRef = B6BBCF4D2916B1D90010C3FE /* ColorDetailView.swift */; };
		B6BBCF52291B5BFF0010C3FE /* ClearViewModifier.swift in Sources */ = {isa = PBXBuildFile; fileRef = B6BBCF51291B5BFF0010C3FE /* ClearViewModifier.swift */; };
		B6BBCF54291B5D5A0010C3FE /* View.swift in Sources */ = {isa = PBXBuildFile; fileRef = B6BBCF53291B5D5A0010C3FE /* View.swift */; };
		B6BBCF57291B5FD10010C3FE /* ColorConverter.swift in Sources */ = {isa = PBXBuildFile; fileRef = B6BBCF56291B5FD10010C3FE /* ColorConverter.swift */; };
		B6BBCF59291E014E0010C3FE /* ColorDetailViewModel.swift in Sources */ = {isa = PBXBuildFile; fileRef = B6BBCF58291E014E0010C3FE /* ColorDetailViewModel.swift */; };
		B6BBCF5D291F37C70010C3FE /* Math.swift in Sources */ = {isa = PBXBuildFile; fileRef = B6BBCF5C291F37C70010C3FE /* Math.swift */; };
		B6CE35512971119200A78764 /* Device.swift in Sources */ = {isa = PBXBuildFile; fileRef = B6CE35502971119200A78764 /* Device.swift */; };
		B6CE35542973B33A00A78764 /* WebView.swift in Sources */ = {isa = PBXBuildFile; fileRef = B6CE35532973B33A00A78764 /* WebView.swift */; };
		B6DDD6FB28EA7A9700E2EC66 /* Color.swift in Sources */ = {isa = PBXBuildFile; fileRef = B6DDD6FA28EA7A9700E2EC66 /* Color.swift */; };
		B6DDD70228EE72CD00E2EC66 /* ColorTextView.swift in Sources */ = {isa = PBXBuildFile; fileRef = B6DDD70128EE72CD00E2EC66 /* ColorTextView.swift */; };
		B6DDD70428EFC06200E2EC66 /* ColorResultView.swift in Sources */ = {isa = PBXBuildFile; fileRef = B6DDD70328EFC06200E2EC66 /* ColorResultView.swift */; };
		B6DDD70628EFDA4600E2EC66 /* NavigationView.swift in Sources */ = {isa = PBXBuildFile; fileRef = B6DDD70528EFDA4600E2EC66 /* NavigationView.swift */; };
		B6DDD70B28F1B05900E2EC66 /* color.json in Resources */ = {isa = PBXBuildFile; fileRef = B6DDD70A28F1B05800E2EC66 /* color.json */; };
		B6DDD70D28F1B2F500E2EC66 /* ColorResultViewModel.swift in Sources */ = {isa = PBXBuildFile; fileRef = B6DDD70C28F1B2F500E2EC66 /* ColorResultViewModel.swift */; };
		B6DDD71028F1B33C00E2EC66 /* RGBColor.swift in Sources */ = {isa = PBXBuildFile; fileRef = B6DDD70F28F1B33C00E2EC66 /* RGBColor.swift */; };
		B6DDD71228F1C34900E2EC66 /* Decoder.swift in Sources */ = {isa = PBXBuildFile; fileRef = B6DDD71128F1C34900E2EC66 /* Decoder.swift */; };
		B6DDD71628F4BDCB00E2EC66 /* ColorTextGroupView.swift in Sources */ = {isa = PBXBuildFile; fileRef = B6DDD71528F4BDCB00E2EC66 /* ColorTextGroupView.swift */; };
		B6DDD71828F500C100E2EC66 /* DashboardView.swift in Sources */ = {isa = PBXBuildFile; fileRef = B6DDD71728F500C100E2EC66 /* DashboardView.swift */; };
		B6DDD71C28F791F500E2EC66 /* ThumbView.swift in Sources */ = {isa = PBXBuildFile; fileRef = B6DDD71B28F791F500E2EC66 /* ThumbView.swift */; };
		B6DDD71E28F7A7C100E2EC66 /* UIImage.swift in Sources */ = {isa = PBXBuildFile; fileRef = B6DDD71D28F7A7C100E2EC66 /* UIImage.swift */; };
		B6DDD72628FF844900E2EC66 /* Enum.swift in Sources */ = {isa = PBXBuildFile; fileRef = B6DDD72528FF844900E2EC66 /* Enum.swift */; };
		B6DDD72828FFA82600E2EC66 /* FrameSourceView.swift in Sources */ = {isa = PBXBuildFile; fileRef = B6DDD72728FFA82600E2EC66 /* FrameSourceView.swift */; };
		B6DDD72A29071FA200E2EC66 /* CIImage.swift in Sources */ = {isa = PBXBuildFile; fileRef = B6DDD72929071FA200E2EC66 /* CIImage.swift */; };
		B6DDD72E2908312100E2EC66 /* RectCornerView.swift in Sources */ = {isa = PBXBuildFile; fileRef = B6DDD72D2908312100E2EC66 /* RectCornerView.swift */; };
		B6DE828928E729E300826201 /* InstColorApp.swift in Sources */ = {isa = PBXBuildFile; fileRef = B6DE828828E729E300826201 /* InstColorApp.swift */; };
		B6DE828B28E729E300826201 /* ContentView.swift in Sources */ = {isa = PBXBuildFile; fileRef = B6DE828A28E729E300826201 /* ContentView.swift */; };
		B6DE828D28E729E400826201 /* Assets.xcassets in Resources */ = {isa = PBXBuildFile; fileRef = B6DE828C28E729E400826201 /* Assets.xcassets */; };
		B6DE829028E729E400826201 /* Preview Assets.xcassets in Resources */ = {isa = PBXBuildFile; fileRef = B6DE828F28E729E400826201 /* Preview Assets.xcassets */; };
		B6DE829728E72A0800826201 /* FrameView.swift in Sources */ = {isa = PBXBuildFile; fileRef = B6DE829628E72A0800826201 /* FrameView.swift */; };
		B6DE829928E72C2400826201 /* CameraManager.swift in Sources */ = {isa = PBXBuildFile; fileRef = B6DE829828E72C2400826201 /* CameraManager.swift */; };
		B6DE829B28E72FA900826201 /* CameraError.swift in Sources */ = {isa = PBXBuildFile; fileRef = B6DE829A28E72FA900826201 /* CameraError.swift */; };
		B6EBA0C228E78B97006954F8 /* FrameManager.swift in Sources */ = {isa = PBXBuildFile; fileRef = B6EBA0C128E78B97006954F8 /* FrameManager.swift */; };
		B6EBA0C428E78DC6006954F8 /* ContentViewModel.swift in Sources */ = {isa = PBXBuildFile; fileRef = B6EBA0C328E78DC6006954F8 /* ContentViewModel.swift */; };
		B6EBA0C628E790A4006954F8 /* CGImage.swift in Sources */ = {isa = PBXBuildFile; fileRef = B6EBA0C528E790A4006954F8 /* CGImage.swift */; };
		B6EBA0C828E79736006954F8 /* FrameModifier.swift in Sources */ = {isa = PBXBuildFile; fileRef = B6EBA0C728E79736006954F8 /* FrameModifier.swift */; };
		B6ED630529847E4800634579 /* ColorInfo.swift in Sources */ = {isa = PBXBuildFile; fileRef = B6ED630429847E4800634579 /* ColorInfo.swift */; };
/* End PBXBuildFile section */

/* Begin PBXFileReference section */
		B6078507295163BE00C6897E /* Info.plist */ = {isa = PBXFileReference; lastKnownFileType = text.plist; path = Info.plist; sourceTree = "<group>"; };
		B607850F2951706E00C6897E /* BannerView.swift */ = {isa = PBXFileReference; lastKnownFileType = sourcecode.swift; path = BannerView.swift; sourceTree = "<group>"; };
		B60EC482292DDD6200483710 /* Constants.swift */ = {isa = PBXFileReference; lastKnownFileType = sourcecode.swift; path = Constants.swift; sourceTree = "<group>"; };
		B60EC4842933182700483710 /* ColorShadeView.swift */ = {isa = PBXFileReference; lastKnownFileType = sourcecode.swift; path = ColorShadeView.swift; sourceTree = "<group>"; };
		B619EB292980D470001BF11A /* SliderCmykGroupView.swift */ = {isa = PBXFileReference; lastKnownFileType = sourcecode.swift; path = SliderCmykGroupView.swift; sourceTree = "<group>"; };
		B625B14029668D85001E1890 /* LaunchScreen.storyboard */ = {isa = PBXFileReference; lastKnownFileType = file.storyboard; path = LaunchScreen.storyboard; sourceTree = "<group>"; };
		B625B1422968A090001E1890 /* StoreKit.framework */ = {isa = PBXFileReference; lastKnownFileType = wrapper.framework; name = StoreKit.framework; path = System/Library/Frameworks/StoreKit.framework; sourceTree = SDKROOT; };
		B625B1452968B011001E1890 /* PurchasesDelegateHandler.swift */ = {isa = PBXFileReference; lastKnownFileType = sourcecode.swift; path = PurchasesDelegateHandler.swift; sourceTree = "<group>"; };
		B625B1472968B188001E1890 /* ConfigurationManager.swift */ = {isa = PBXFileReference; lastKnownFileType = sourcecode.swift; path = ConfigurationManager.swift; sourceTree = "<group>"; };
		B625B1492968BEEF001E1890 /* RevenueViewModel.swift */ = {isa = PBXFileReference; lastKnownFileType = sourcecode.swift; path = RevenueViewModel.swift; sourceTree = "<group>"; };
		B625B14C296A2CED001E1890 /* ImageView.swift */ = {isa = PBXFileReference; lastKnownFileType = sourcecode.swift; path = ImageView.swift; sourceTree = "<group>"; };
		B637962A29159F110004DBC0 /* ImageButtonView.swift */ = {isa = PBXFileReference; lastKnownFileType = sourcecode.swift; path = ImageButtonView.swift; sourceTree = "<group>"; };
		B6471B2C292B31C6006A1474 /* BorderedRectView.swift */ = {isa = PBXFileReference; lastKnownFileType = sourcecode.swift; path = BorderedRectView.swift; sourceTree = "<group>"; };
		B659D56E2940378800BB4D76 /* TooltipView.swift */ = {isa = PBXFileReference; fileEncoding = 4; lastKnownFileType = sourcecode.swift; path = TooltipView.swift; sourceTree = "<group>"; };
		B659D5712943D28600BB4D76 /* PressableButtonView.swift */ = {isa = PBXFileReference; lastKnownFileType = sourcecode.swift; path = PressableButtonView.swift; sourceTree = "<group>"; };
		B659D5762944D25200BB4D76 /* GoogleService-Info.plist */ = {isa = PBXFileReference; fileEncoding = 4; lastKnownFileType = text.plist.xml; path = "GoogleService-Info.plist"; sourceTree = "<group>"; };
		B68C1A4029213D1300AC7662 /* ColorSliderView.swift */ = {isa = PBXFileReference; lastKnownFileType = sourcecode.swift; path = ColorSliderView.swift; sourceTree = "<group>"; };
		B68C1A4329213E8500AC7662 /* ColorTypeView.swift */ = {isa = PBXFileReference; lastKnownFileType = sourcecode.swift; path = ColorTypeView.swift; sourceTree = "<group>"; };
		B68C1A4729215E6900AC7662 /* Array.swift */ = {isa = PBXFileReference; lastKnownFileType = sourcecode.swift; path = Array.swift; sourceTree = "<group>"; };
		B68C1A492921C2B000AC7662 /* ColorIconView.swift */ = {isa = PBXFileReference; lastKnownFileType = sourcecode.swift; path = ColorIconView.swift; sourceTree = "<group>"; };
		B68C1A4B2923471500AC7662 /* ColorHexTextView.swift */ = {isa = PBXFileReference; lastKnownFileType = sourcecode.swift; path = ColorHexTextView.swift; sourceTree = "<group>"; };
		B68C1A512927323900AC7662 /* SliderRgbGroupView.swift */ = {isa = PBXFileReference; lastKnownFileType = sourcecode.swift; path = SliderRgbGroupView.swift; sourceTree = "<group>"; };
		B68C1A53292734FB00AC7662 /* SliderHsbGroupView.swift */ = {isa = PBXFileReference; lastKnownFileType = sourcecode.swift; path = SliderHsbGroupView.swift; sourceTree = "<group>"; };
		B68C1A5529273F4500AC7662 /* SliderGroupContainerView.swift */ = {isa = PBXFileReference; lastKnownFileType = sourcecode.swift; path = SliderGroupContainerView.swift; sourceTree = "<group>"; };
		B68C1A5E292928A600AC7662 /* ToolBarView.swift */ = {isa = PBXFileReference; lastKnownFileType = sourcecode.swift; path = ToolBarView.swift; sourceTree = "<group>"; };
		B68C1A602929DC5400AC7662 /* FavoritesView.swift */ = {isa = PBXFileReference; lastKnownFileType = sourcecode.swift; path = FavoritesView.swift; sourceTree = "<group>"; };
		B68C1A622929DD0800AC7662 /* FavoriteColor.swift */ = {isa = PBXFileReference; lastKnownFileType = sourcecode.swift; path = FavoriteColor.swift; sourceTree = "<group>"; };
		B68C1A642929DF7600AC7662 /* UserDefaults.swift */ = {isa = PBXFileReference; lastKnownFileType = sourcecode.swift; path = UserDefaults.swift; sourceTree = "<group>"; };
		B698946B293BA5790057265D /* String.swift */ = {isa = PBXFileReference; lastKnownFileType = sourcecode.swift; path = String.swift; sourceTree = "<group>"; };
		B698946E293C55450057265D /* ReferencesView.swift */ = {isa = PBXFileReference; lastKnownFileType = sourcecode.swift; path = ReferencesView.swift; sourceTree = "<group>"; };
		B6A695812909B482003DEE57 /* ContentContainerView.swift */ = {isa = PBXFileReference; lastKnownFileType = sourcecode.swift; path = ContentContainerView.swift; sourceTree = "<group>"; };
		B6A69583290A2DE2003DEE57 /* SliderControlView.swift */ = {isa = PBXFileReference; lastKnownFileType = sourcecode.swift; path = SliderControlView.swift; sourceTree = "<group>"; };
		B6A69585290C7109003DEE57 /* SliderView.swift */ = {isa = PBXFileReference; lastKnownFileType = sourcecode.swift; path = SliderView.swift; sourceTree = "<group>"; };
		B6B30CEA295408EB00F92811 /* Admob.swift */ = {isa = PBXFileReference; lastKnownFileType = sourcecode.swift; path = Admob.swift; sourceTree = "<group>"; };
		B6B30CF6295792C900F92811 /* FloatToolbarViewModifier.swift */ = {isa = PBXFileReference; lastKnownFileType = sourcecode.swift; path = FloatToolbarViewModifier.swift; sourceTree = "<group>"; };
		B6B30CF92957931100F92811 /* AboutView.swift */ = {isa = PBXFileReference; lastKnownFileType = sourcecode.swift; path = AboutView.swift; sourceTree = "<group>"; };
		B6B30CFB2957938500F92811 /* ModalViewModifier.swift */ = {isa = PBXFileReference; lastKnownFileType = sourcecode.swift; path = ModalViewModifier.swift; sourceTree = "<group>"; };
		B6B30CFD2957950100F92811 /* CloseButtonView.swift */ = {isa = PBXFileReference; lastKnownFileType = sourcecode.swift; path = CloseButtonView.swift; sourceTree = "<group>"; };
		B6B30CFF2958A8B700F92811 /* VerticalSliderView.swift */ = {isa = PBXFileReference; lastKnownFileType = sourcecode.swift; path = VerticalSliderView.swift; sourceTree = "<group>"; };
		B6BBCF4D2916B1D90010C3FE /* ColorDetailView.swift */ = {isa = PBXFileReference; lastKnownFileType = sourcecode.swift; path = ColorDetailView.swift; sourceTree = "<group>"; };
		B6BBCF51291B5BFF0010C3FE /* ClearViewModifier.swift */ = {isa = PBXFileReference; lastKnownFileType = sourcecode.swift; path = ClearViewModifier.swift; sourceTree = "<group>"; };
		B6BBCF53291B5D5A0010C3FE /* View.swift */ = {isa = PBXFileReference; lastKnownFileType = sourcecode.swift; path = View.swift; sourceTree = "<group>"; };
		B6BBCF56291B5FD10010C3FE /* ColorConverter.swift */ = {isa = PBXFileReference; lastKnownFileType = sourcecode.swift; path = ColorConverter.swift; sourceTree = "<group>"; };
		B6BBCF58291E014E0010C3FE /* ColorDetailViewModel.swift */ = {isa = PBXFileReference; lastKnownFileType = sourcecode.swift; path = ColorDetailViewModel.swift; sourceTree = "<group>"; };
		B6BBCF5C291F37C70010C3FE /* Math.swift */ = {isa = PBXFileReference; lastKnownFileType = sourcecode.swift; path = Math.swift; sourceTree = "<group>"; };
		B6CE35502971119200A78764 /* Device.swift */ = {isa = PBXFileReference; lastKnownFileType = sourcecode.swift; path = Device.swift; sourceTree = "<group>"; };
		B6CE35532973B33A00A78764 /* WebView.swift */ = {isa = PBXFileReference; lastKnownFileType = sourcecode.swift; path = WebView.swift; sourceTree = "<group>"; };
		B6DDD6FA28EA7A9700E2EC66 /* Color.swift */ = {isa = PBXFileReference; lastKnownFileType = sourcecode.swift; path = Color.swift; sourceTree = "<group>"; };
		B6DDD70128EE72CD00E2EC66 /* ColorTextView.swift */ = {isa = PBXFileReference; lastKnownFileType = sourcecode.swift; path = ColorTextView.swift; sourceTree = "<group>"; };
		B6DDD70328EFC06200E2EC66 /* ColorResultView.swift */ = {isa = PBXFileReference; lastKnownFileType = sourcecode.swift; path = ColorResultView.swift; sourceTree = "<group>"; };
		B6DDD70528EFDA4600E2EC66 /* NavigationView.swift */ = {isa = PBXFileReference; fileEncoding = 4; lastKnownFileType = sourcecode.swift; path = NavigationView.swift; sourceTree = "<group>"; };
		B6DDD70A28F1B05800E2EC66 /* color.json */ = {isa = PBXFileReference; fileEncoding = 4; lastKnownFileType = text.json; path = color.json; sourceTree = "<group>"; };
		B6DDD70C28F1B2F500E2EC66 /* ColorResultViewModel.swift */ = {isa = PBXFileReference; lastKnownFileType = sourcecode.swift; path = ColorResultViewModel.swift; sourceTree = "<group>"; };
		B6DDD70F28F1B33C00E2EC66 /* RGBColor.swift */ = {isa = PBXFileReference; lastKnownFileType = sourcecode.swift; path = RGBColor.swift; sourceTree = "<group>"; };
		B6DDD71128F1C34900E2EC66 /* Decoder.swift */ = {isa = PBXFileReference; lastKnownFileType = sourcecode.swift; path = Decoder.swift; sourceTree = "<group>"; };
		B6DDD71528F4BDCB00E2EC66 /* ColorTextGroupView.swift */ = {isa = PBXFileReference; lastKnownFileType = sourcecode.swift; path = ColorTextGroupView.swift; sourceTree = "<group>"; };
		B6DDD71728F500C100E2EC66 /* DashboardView.swift */ = {isa = PBXFileReference; lastKnownFileType = sourcecode.swift; path = DashboardView.swift; sourceTree = "<group>"; };
		B6DDD71B28F791F500E2EC66 /* ThumbView.swift */ = {isa = PBXFileReference; lastKnownFileType = sourcecode.swift; path = ThumbView.swift; sourceTree = "<group>"; };
		B6DDD71D28F7A7C100E2EC66 /* UIImage.swift */ = {isa = PBXFileReference; lastKnownFileType = sourcecode.swift; path = UIImage.swift; sourceTree = "<group>"; };
		B6DDD72528FF844900E2EC66 /* Enum.swift */ = {isa = PBXFileReference; lastKnownFileType = sourcecode.swift; path = Enum.swift; sourceTree = "<group>"; };
		B6DDD72728FFA82600E2EC66 /* FrameSourceView.swift */ = {isa = PBXFileReference; lastKnownFileType = sourcecode.swift; path = FrameSourceView.swift; sourceTree = "<group>"; };
		B6DDD72929071FA200E2EC66 /* CIImage.swift */ = {isa = PBXFileReference; lastKnownFileType = sourcecode.swift; path = CIImage.swift; sourceTree = "<group>"; };
		B6DDD72D2908312100E2EC66 /* RectCornerView.swift */ = {isa = PBXFileReference; lastKnownFileType = sourcecode.swift; path = RectCornerView.swift; sourceTree = "<group>"; };
		B6DE828528E729E300826201 /* InstColor.app */ = {isa = PBXFileReference; explicitFileType = wrapper.application; includeInIndex = 0; path = InstColor.app; sourceTree = BUILT_PRODUCTS_DIR; };
		B6DE828828E729E300826201 /* InstColorApp.swift */ = {isa = PBXFileReference; lastKnownFileType = sourcecode.swift; path = InstColorApp.swift; sourceTree = "<group>"; };
		B6DE828A28E729E300826201 /* ContentView.swift */ = {isa = PBXFileReference; lastKnownFileType = sourcecode.swift; path = ContentView.swift; sourceTree = "<group>"; };
		B6DE828C28E729E400826201 /* Assets.xcassets */ = {isa = PBXFileReference; lastKnownFileType = folder.assetcatalog; path = Assets.xcassets; sourceTree = "<group>"; };
		B6DE828F28E729E400826201 /* Preview Assets.xcassets */ = {isa = PBXFileReference; lastKnownFileType = folder.assetcatalog; path = "Preview Assets.xcassets"; sourceTree = "<group>"; };
		B6DE829628E72A0800826201 /* FrameView.swift */ = {isa = PBXFileReference; lastKnownFileType = sourcecode.swift; path = FrameView.swift; sourceTree = "<group>"; };
		B6DE829828E72C2400826201 /* CameraManager.swift */ = {isa = PBXFileReference; lastKnownFileType = sourcecode.swift; path = CameraManager.swift; sourceTree = "<group>"; };
		B6DE829A28E72FA900826201 /* CameraError.swift */ = {isa = PBXFileReference; lastKnownFileType = sourcecode.swift; path = CameraError.swift; sourceTree = "<group>"; };
		B6EBA0C128E78B97006954F8 /* FrameManager.swift */ = {isa = PBXFileReference; lastKnownFileType = sourcecode.swift; path = FrameManager.swift; sourceTree = "<group>"; };
		B6EBA0C328E78DC6006954F8 /* ContentViewModel.swift */ = {isa = PBXFileReference; lastKnownFileType = sourcecode.swift; path = ContentViewModel.swift; sourceTree = "<group>"; };
		B6EBA0C528E790A4006954F8 /* CGImage.swift */ = {isa = PBXFileReference; lastKnownFileType = sourcecode.swift; path = CGImage.swift; sourceTree = "<group>"; };
		B6EBA0C728E79736006954F8 /* FrameModifier.swift */ = {isa = PBXFileReference; lastKnownFileType = sourcecode.swift; path = FrameModifier.swift; sourceTree = "<group>"; };
		B6ED630429847E4800634579 /* ColorInfo.swift */ = {isa = PBXFileReference; lastKnownFileType = sourcecode.swift; path = ColorInfo.swift; sourceTree = "<group>"; };
/* End PBXFileReference section */

/* Begin PBXFrameworksBuildPhase section */
		B6DE828228E729E300826201 /* Frameworks */ = {
			isa = PBXFrameworksBuildPhase;
			buildActionMask = 2147483647;
			files = (
				B6078506295161B400C6897E /* GoogleMobileAds in Frameworks */,
				B659D5752944D10C00BB4D76 /* FirebaseAnalytics in Frameworks */,
				B61D9C862963E0AD00ED0D0E /* RevenueCat in Frameworks */,
				B625B1432968A090001E1890 /* StoreKit.framework in Frameworks */,
			);
			runOnlyForDeploymentPostprocessing = 0;
		};
/* End PBXFrameworksBuildPhase section */

/* Begin PBXGroup section */
		B607850E2951705B00C6897E /* Admob */ = {
			isa = PBXGroup;
			children = (
				B607850F2951706E00C6897E /* BannerView.swift */,
			);
			path = Admob;
			sourceTree = "<group>";
		};
		B60EC481292DDD4D00483710 /* Configs */ = {
			isa = PBXGroup;
			children = (
				B60EC482292DDD6200483710 /* Constants.swift */,
			);
			path = Configs;
			sourceTree = "<group>";
		};
		B625B1442968AFE5001E1890 /* Revenue */ = {
			isa = PBXGroup;
			children = (
				B625B1452968B011001E1890 /* PurchasesDelegateHandler.swift */,
				B625B1472968B188001E1890 /* ConfigurationManager.swift */,
			);
			path = Revenue;
			sourceTree = "<group>";
		};
		B625B14B296A2CD3001E1890 /* Image */ = {
			isa = PBXGroup;
			children = (
				B625B14C296A2CED001E1890 /* ImageView.swift */,
			);
			path = Image;
			sourceTree = "<group>";
		};
		B659D5702940378F00BB4D76 /* Tools */ = {
			isa = PBXGroup;
			children = (
				B659D56E2940378800BB4D76 /* TooltipView.swift */,
				B659D5712943D28600BB4D76 /* PressableButtonView.swift */,
				B6B30CFD2957950100F92811 /* CloseButtonView.swift */,
				B6B30CFF2958A8B700F92811 /* VerticalSliderView.swift */,
			);
			path = Tools;
			sourceTree = "<group>";
		};
		B68C1A582928A2AD00AC7662 /* Detail */ = {
			isa = PBXGroup;
			children = (
				B6BBCF4D2916B1D90010C3FE /* ColorDetailView.swift */,
				B68C1A4B2923471500AC7662 /* ColorHexTextView.swift */,
				B68C1A492921C2B000AC7662 /* ColorIconView.swift */,
				B60EC4842933182700483710 /* ColorShadeView.swift */,
				B68C1A4029213D1300AC7662 /* ColorSliderView.swift */,
				B68C1A4329213E8500AC7662 /* ColorTypeView.swift */,
				B619EB292980D470001BF11A /* SliderCmykGroupView.swift */,
				B68C1A5529273F4500AC7662 /* SliderGroupContainerView.swift */,
				B68C1A53292734FB00AC7662 /* SliderHsbGroupView.swift */,
				B68C1A512927323900AC7662 /* SliderRgbGroupView.swift */,
			);
			path = Detail;
			sourceTree = "<group>";
		};
		B68C1A592928A30200AC7662 /* Frame */ = {
			isa = PBXGroup;
			children = (
				B6DE829628E72A0800826201 /* FrameView.swift */,
				B6DDD71B28F791F500E2EC66 /* ThumbView.swift */,
				B6DDD72D2908312100E2EC66 /* RectCornerView.swift */,
			);
			path = Frame;
			sourceTree = "<group>";
		};
		B68C1A5A2928A34400AC7662 /* Navigation */ = {
			isa = PBXGroup;
			children = (
				B6DDD72728FFA82600E2EC66 /* FrameSourceView.swift */,
				B637962A29159F110004DBC0 /* ImageButtonView.swift */,
				B6DDD70528EFDA4600E2EC66 /* NavigationView.swift */,
				B6A69585290C7109003DEE57 /* SliderView.swift */,
				B6A69583290A2DE2003DEE57 /* SliderControlView.swift */,
				B68C1A5E292928A600AC7662 /* ToolBarView.swift */,
			);
			path = Navigation;
			sourceTree = "<group>";
		};
		B68C1A5B2928A3E500AC7662 /* Dashboard */ = {
			isa = PBXGroup;
			children = (
				B6DDD70128EE72CD00E2EC66 /* ColorTextView.swift */,
				B6DDD71528F4BDCB00E2EC66 /* ColorTextGroupView.swift */,
				B6DDD70328EFC06200E2EC66 /* ColorResultView.swift */,
				B6DDD71728F500C100E2EC66 /* DashboardView.swift */,
			);
			path = Dashboard;
			sourceTree = "<group>";
		};
		B68C1A5C292920B300AC7662 /* Container */ = {
			isa = PBXGroup;
			children = (
				B6A695812909B482003DEE57 /* ContentContainerView.swift */,
				B6471B2C292B31C6006A1474 /* BorderedRectView.swift */,
			);
			path = Container;
			sourceTree = "<group>";
		};
		B68C1A5D2929227900AC7662 /* Favorites */ = {
			isa = PBXGroup;
			children = (
				B68C1A602929DC5400AC7662 /* FavoritesView.swift */,
			);
			path = Favorites;
			sourceTree = "<group>";
		};
		B698946D293C55220057265D /* Reference */ = {
			isa = PBXGroup;
			children = (
				B698946E293C55450057265D /* ReferencesView.swift */,
			);
			path = Reference;
			sourceTree = "<group>";
		};
		B6B30CF82957930200F92811 /* About */ = {
			isa = PBXGroup;
			children = (
				B6B30CF92957931100F92811 /* AboutView.swift */,
			);
			path = About;
			sourceTree = "<group>";
		};
		B6BBCF55291B5F800010C3FE /* Utilities */ = {
			isa = PBXGroup;
			children = (
				B6B30CEA295408EB00F92811 /* Admob.swift */,
				B6BBCF56291B5FD10010C3FE /* ColorConverter.swift */,
				B6BBCF5C291F37C70010C3FE /* Math.swift */,
			);
			path = Utilities;
			sourceTree = "<group>";
		};
		B6CE35522973B32400A78764 /* Web */ = {
			isa = PBXGroup;
			children = (
				B6CE35532973B33A00A78764 /* WebView.swift */,
			);
			path = Web;
			sourceTree = "<group>";
		};
		B6D67D9A29517F4A0012F91A /* Frameworks */ = {
			isa = PBXGroup;
			children = (
				B625B1422968A090001E1890 /* StoreKit.framework */,
			);
			name = Frameworks;
			sourceTree = "<group>";
		};
		B6DDD6FC28EBC52B00E2EC66 /* Extensions */ = {
			isa = PBXGroup;
			children = (
				B68C1A4729215E6900AC7662 /* Array.swift */,
				B6EBA0C528E790A4006954F8 /* CGImage.swift */,
				B6DDD72929071FA200E2EC66 /* CIImage.swift */,
				B6DDD6FA28EA7A9700E2EC66 /* Color.swift */,
				B6DDD71128F1C34900E2EC66 /* Decoder.swift */,
				B6CE35502971119200A78764 /* Device.swift */,
				B698946B293BA5790057265D /* String.swift */,
				B6DDD71D28F7A7C100E2EC66 /* UIImage.swift */,
				B68C1A642929DF7600AC7662 /* UserDefaults.swift */,
				B6BBCF53291B5D5A0010C3FE /* View.swift */,
			);
			path = Extensions;
			sourceTree = "<group>";
		};
		B6DDD6FD28EBC56D00E2EC66 /* Camera */ = {
			isa = PBXGroup;
			children = (
				B6DE829A28E72FA900826201 /* CameraError.swift */,
				B6DE829828E72C2400826201 /* CameraManager.swift */,
				B6EBA0C128E78B97006954F8 /* FrameManager.swift */,
			);
			path = Camera;
			sourceTree = "<group>";
		};
		B6DDD6FE28EBC5B300E2EC66 /* Views */ = {
			isa = PBXGroup;
			children = (
				B6DE828A28E729E300826201 /* ContentView.swift */,
				B6B30CF82957930200F92811 /* About */,
				B607850E2951705B00C6897E /* Admob */,
				B68C1A5C292920B300AC7662 /* Container */,
				B68C1A5B2928A3E500AC7662 /* Dashboard */,
				B68C1A582928A2AD00AC7662 /* Detail */,
				B68C1A5D2929227900AC7662 /* Favorites */,
				B68C1A592928A30200AC7662 /* Frame */,
				B625B14B296A2CD3001E1890 /* Image */,
				B68C1A5A2928A34400AC7662 /* Navigation */,
				B698946D293C55220057265D /* Reference */,
				B6CE35522973B32400A78764 /* Web */,
			);
			path = Views;
			sourceTree = "<group>";
		};
		B6DDD6FF28EBC5D500E2EC66 /* ViewModels */ = {
			isa = PBXGroup;
			children = (
				B6EBA0C328E78DC6006954F8 /* ContentViewModel.swift */,
				B6DDD70C28F1B2F500E2EC66 /* ColorResultViewModel.swift */,
				B6BBCF58291E014E0010C3FE /* ColorDetailViewModel.swift */,
				B625B1492968BEEF001E1890 /* RevenueViewModel.swift */,
			);
			path = ViewModels;
			sourceTree = "<group>";
		};
		B6DDD70028EBC5E900E2EC66 /* Modifier */ = {
			isa = PBXGroup;
			children = (
				B6EBA0C728E79736006954F8 /* FrameModifier.swift */,
				B6BBCF51291B5BFF0010C3FE /* ClearViewModifier.swift */,
				B6B30CF6295792C900F92811 /* FloatToolbarViewModifier.swift */,
				B6B30CFB2957938500F92811 /* ModalViewModifier.swift */,
			);
			path = Modifier;
			sourceTree = "<group>";
		};
		B6DDD70928F0C78D00E2EC66 /* Data */ = {
			isa = PBXGroup;
			children = (
				B6DDD70A28F1B05800E2EC66 /* color.json */,
			);
			path = Data;
			sourceTree = "<group>";
		};
		B6DDD70E28F1B31900E2EC66 /* Model */ = {
			isa = PBXGroup;
			children = (
				B6DDD72528FF844900E2EC66 /* Enum.swift */,
				B68C1A622929DD0800AC7662 /* FavoriteColor.swift */,
				B6DDD70F28F1B33C00E2EC66 /* RGBColor.swift */,
				B6ED630429847E4800634579 /* ColorInfo.swift */,
			);
			path = Model;
			sourceTree = "<group>";
		};
		B6DE827C28E729E300826201 = {
			isa = PBXGroup;
			children = (
				B6D67D9A29517F4A0012F91A /* Frameworks */,
				B6DE828728E729E300826201 /* InstColor */,
				B6DE828628E729E300826201 /* Products */,
			);
			sourceTree = "<group>";
		};
		B6DE828628E729E300826201 /* Products */ = {
			isa = PBXGroup;
			children = (
				B6DE828528E729E300826201 /* InstColor.app */,
			);
			name = Products;
			sourceTree = "<group>";
		};
		B6DE828728E729E300826201 /* InstColor */ = {
			isa = PBXGroup;
			children = (
				B659D5762944D25200BB4D76 /* GoogleService-Info.plist */,
				B6078507295163BE00C6897E /* Info.plist */,
				B625B14029668D85001E1890 /* LaunchScreen.storyboard */,
				B6DE828828E729E300826201 /* InstColorApp.swift */,
				B6DE828C28E729E400826201 /* Assets.xcassets */,
				B6DDD6FD28EBC56D00E2EC66 /* Camera */,
				B60EC481292DDD4D00483710 /* Configs */,
				B6DDD70928F0C78D00E2EC66 /* Data */,
				B6DDD6FC28EBC52B00E2EC66 /* Extensions */,
				B6DDD70E28F1B31900E2EC66 /* Model */,
				B6DDD70028EBC5E900E2EC66 /* Modifier */,
				B6DE828E28E729E400826201 /* Preview Content */,
				B625B1442968AFE5001E1890 /* Revenue */,
				B659D5702940378F00BB4D76 /* Tools */,
				B6BBCF55291B5F800010C3FE /* Utilities */,
				B6DDD6FF28EBC5D500E2EC66 /* ViewModels */,
				B6DDD6FE28EBC5B300E2EC66 /* Views */,
			);
			path = InstColor;
			sourceTree = "<group>";
		};
		B6DE828E28E729E400826201 /* Preview Content */ = {
			isa = PBXGroup;
			children = (
				B6DE828F28E729E400826201 /* Preview Assets.xcassets */,
			);
			path = "Preview Content";
			sourceTree = "<group>";
		};
/* End PBXGroup section */

/* Begin PBXNativeTarget section */
		B6DE828428E729E300826201 /* InstColor */ = {
			isa = PBXNativeTarget;
			buildConfigurationList = B6DE829328E729E400826201 /* Build configuration list for PBXNativeTarget "InstColor" */;
			buildPhases = (
				B6DE828128E729E300826201 /* Sources */,
				B6DE828228E729E300826201 /* Frameworks */,
				B6DE828328E729E300826201 /* Resources */,
			);
			buildRules = (
			);
			dependencies = (
			);
			name = InstColor;
			packageProductDependencies = (
				B659D5742944D10C00BB4D76 /* FirebaseAnalytics */,
				B6078505295161B400C6897E /* GoogleMobileAds */,
				B61D9C852963E0AD00ED0D0E /* RevenueCat */,
			);
			productName = InstColor;
			productReference = B6DE828528E729E300826201 /* InstColor.app */;
			productType = "com.apple.product-type.application";
		};
/* End PBXNativeTarget section */

/* Begin PBXProject section */
		B6DE827D28E729E300826201 /* Project object */ = {
			isa = PBXProject;
			attributes = {
				BuildIndependentTargetsInParallel = 1;
				LastSwiftUpdateCheck = 1400;
				LastUpgradeCheck = 1400;
				TargetAttributes = {
					B6DE828428E729E300826201 = {
						CreatedOnToolsVersion = 14.0.1;
					};
				};
			};
			buildConfigurationList = B6DE828028E729E300826201 /* Build configuration list for PBXProject "InstColor" */;
			compatibilityVersion = "Xcode 14.0";
			developmentRegion = en;
			hasScannedForEncodings = 0;
			knownRegions = (
				en,
				Base,
			);
			mainGroup = B6DE827C28E729E300826201;
			packageReferences = (
				B659D5732944D10C00BB4D76 /* XCRemoteSwiftPackageReference "firebase-ios-sdk" */,
				B6078504295161B400C6897E /* XCRemoteSwiftPackageReference "swift-package-manager-google-mobile-ads" */,
				B61D9C842963E0AD00ED0D0E /* XCRemoteSwiftPackageReference "purchases-ios" */,
			);
			productRefGroup = B6DE828628E729E300826201 /* Products */;
			projectDirPath = "";
			projectRoot = "";
			targets = (
				B6DE828428E729E300826201 /* InstColor */,
			);
		};
/* End PBXProject section */

/* Begin PBXResourcesBuildPhase section */
		B6DE828328E729E300826201 /* Resources */ = {
			isa = PBXResourcesBuildPhase;
			buildActionMask = 2147483647;
			files = (
				B6DE829028E729E400826201 /* Preview Assets.xcassets in Resources */,
				B659D5772944D25200BB4D76 /* GoogleService-Info.plist in Resources */,
				B6DDD70B28F1B05900E2EC66 /* color.json in Resources */,
				B625B14129668D85001E1890 /* LaunchScreen.storyboard in Resources */,
				B6DE828D28E729E400826201 /* Assets.xcassets in Resources */,
			);
			runOnlyForDeploymentPostprocessing = 0;
		};
/* End PBXResourcesBuildPhase section */

/* Begin PBXSourcesBuildPhase section */
		B6DE828128E729E300826201 /* Sources */ = {
			isa = PBXSourcesBuildPhase;
			buildActionMask = 2147483647;
			files = (
				B68C1A612929DC5400AC7662 /* FavoritesView.swift in Sources */,
				B68C1A4129213D1300AC7662 /* ColorSliderView.swift in Sources */,
				B6DE829728E72A0800826201 /* FrameView.swift in Sources */,
				B6BBCF52291B5BFF0010C3FE /* ClearViewModifier.swift in Sources */,
				B6DDD72828FFA82600E2EC66 /* FrameSourceView.swift in Sources */,
				B625B14A2968BEEF001E1890 /* RevenueViewModel.swift in Sources */,
				B60EC4852933182700483710 /* ColorShadeView.swift in Sources */,
				B659D56F2940378800BB4D76 /* TooltipView.swift in Sources */,
				B6DDD70428EFC06200E2EC66 /* ColorResultView.swift in Sources */,
				B6EBA0C228E78B97006954F8 /* FrameManager.swift in Sources */,
				B6DDD70D28F1B2F500E2EC66 /* ColorResultViewModel.swift in Sources */,
				B6BBCF57291B5FD10010C3FE /* ColorConverter.swift in Sources */,
				B6DDD72628FF844900E2EC66 /* Enum.swift in Sources */,
				B68C1A5629273F4500AC7662 /* SliderGroupContainerView.swift in Sources */,
				B68C1A522927323900AC7662 /* SliderRgbGroupView.swift in Sources */,
				B68C1A4A2921C2B000AC7662 /* ColorIconView.swift in Sources */,
				B68C1A4829215E6900AC7662 /* Array.swift in Sources */,
				B6B30CFA2957931100F92811 /* AboutView.swift in Sources */,
				B68C1A652929DF7600AC7662 /* UserDefaults.swift in Sources */,
				B68C1A5F292928A600AC7662 /* ToolBarView.swift in Sources */,
				B6B30CFE2957950100F92811 /* CloseButtonView.swift in Sources */,
				B6CE35542973B33A00A78764 /* WebView.swift in Sources */,
				B619EB2A2980D470001BF11A /* SliderCmykGroupView.swift in Sources */,
				B68C1A54292734FB00AC7662 /* SliderHsbGroupView.swift in Sources */,
				B6DE829B28E72FA900826201 /* CameraError.swift in Sources */,
				B6ED630529847E4800634579 /* ColorInfo.swift in Sources */,
				B6DDD72A29071FA200E2EC66 /* CIImage.swift in Sources */,
				B6DDD72E2908312100E2EC66 /* RectCornerView.swift in Sources */,
				B6BBCF4E2916B1D90010C3FE /* ColorDetailView.swift in Sources */,
				B6DDD71628F4BDCB00E2EC66 /* ColorTextGroupView.swift in Sources */,
				B659D5722943D28600BB4D76 /* PressableButtonView.swift in Sources */,
				B6B30D002958A8B700F92811 /* VerticalSliderView.swift in Sources */,
				B6DDD71E28F7A7C100E2EC66 /* UIImage.swift in Sources */,
				B60EC483292DDD6200483710 /* Constants.swift in Sources */,
				B698946F293C55450057265D /* ReferencesView.swift in Sources */,
				B60785102951706E00C6897E /* BannerView.swift in Sources */,
				B6A69584290A2DE2003DEE57 /* SliderControlView.swift in Sources */,
				B6DDD6FB28EA7A9700E2EC66 /* Color.swift in Sources */,
				B6DDD71028F1B33C00E2EC66 /* RGBColor.swift in Sources */,
				B637962B29159F110004DBC0 /* ImageButtonView.swift in Sources */,
				B68C1A632929DD0800AC7662 /* FavoriteColor.swift in Sources */,
				B6EBA0C628E790A4006954F8 /* CGImage.swift in Sources */,
				B6CE35512971119200A78764 /* Device.swift in Sources */,
				B6DDD70228EE72CD00E2EC66 /* ColorTextView.swift in Sources */,
				B625B14D296A2CED001E1890 /* ImageView.swift in Sources */,
				B6A695822909B482003DEE57 /* ContentContainerView.swift in Sources */,
				B625B1462968B011001E1890 /* PurchasesDelegateHandler.swift in Sources */,
				B6EBA0C428E78DC6006954F8 /* ContentViewModel.swift in Sources */,
				B6EBA0C828E79736006954F8 /* FrameModifier.swift in Sources */,
				B6DDD71228F1C34900E2EC66 /* Decoder.swift in Sources */,
				B6DDD71828F500C100E2EC66 /* DashboardView.swift in Sources */,
				B6DE828B28E729E300826201 /* ContentView.swift in Sources */,
				B6DE829928E72C2400826201 /* CameraManager.swift in Sources */,
				B6BBCF5D291F37C70010C3FE /* Math.swift in Sources */,
				B6471B2D292B31C6006A1474 /* BorderedRectView.swift in Sources */,
				B6DDD71C28F791F500E2EC66 /* ThumbView.swift in Sources */,
				B698946C293BA5790057265D /* String.swift in Sources */,
				B68C1A4429213E8500AC7662 /* ColorTypeView.swift in Sources */,
				B625B1482968B188001E1890 /* ConfigurationManager.swift in Sources */,
				B68C1A4C2923471500AC7662 /* ColorHexTextView.swift in Sources */,
				B6BBCF54291B5D5A0010C3FE /* View.swift in Sources */,
				B6B30CEB295408EB00F92811 /* Admob.swift in Sources */,
				B6DDD70628EFDA4600E2EC66 /* NavigationView.swift in Sources */,
				B6B30CFC2957938600F92811 /* ModalViewModifier.swift in Sources */,
				B6B30CF7295792C900F92811 /* FloatToolbarViewModifier.swift in Sources */,
				B6A69586290C7109003DEE57 /* SliderView.swift in Sources */,
				B6BBCF59291E014E0010C3FE /* ColorDetailViewModel.swift in Sources */,
				B6DE828928E729E300826201 /* InstColorApp.swift in Sources */,
			);
			runOnlyForDeploymentPostprocessing = 0;
		};
/* End PBXSourcesBuildPhase section */

/* Begin XCBuildConfiguration section */
		B6DE829128E729E400826201 /* Debug */ = {
			isa = XCBuildConfiguration;
			buildSettings = {
				ALWAYS_SEARCH_USER_PATHS = NO;
				CLANG_ANALYZER_NONNULL = YES;
				CLANG_ANALYZER_NUMBER_OBJECT_CONVERSION = YES_AGGRESSIVE;
				CLANG_CXX_LANGUAGE_STANDARD = "gnu++20";
				CLANG_ENABLE_MODULES = YES;
				CLANG_ENABLE_OBJC_ARC = YES;
				CLANG_ENABLE_OBJC_WEAK = YES;
				CLANG_WARN_BLOCK_CAPTURE_AUTORELEASING = YES;
				CLANG_WARN_BOOL_CONVERSION = YES;
				CLANG_WARN_COMMA = YES;
				CLANG_WARN_CONSTANT_CONVERSION = YES;
				CLANG_WARN_DEPRECATED_OBJC_IMPLEMENTATIONS = YES;
				CLANG_WARN_DIRECT_OBJC_ISA_USAGE = YES_ERROR;
				CLANG_WARN_DOCUMENTATION_COMMENTS = YES;
				CLANG_WARN_EMPTY_BODY = YES;
				CLANG_WARN_ENUM_CONVERSION = YES;
				CLANG_WARN_INFINITE_RECURSION = YES;
				CLANG_WARN_INT_CONVERSION = YES;
				CLANG_WARN_NON_LITERAL_NULL_CONVERSION = YES;
				CLANG_WARN_OBJC_IMPLICIT_RETAIN_SELF = YES;
				CLANG_WARN_OBJC_LITERAL_CONVERSION = YES;
				CLANG_WARN_OBJC_ROOT_CLASS = YES_ERROR;
				CLANG_WARN_QUOTED_INCLUDE_IN_FRAMEWORK_HEADER = YES;
				CLANG_WARN_RANGE_LOOP_ANALYSIS = YES;
				CLANG_WARN_STRICT_PROTOTYPES = YES;
				CLANG_WARN_SUSPICIOUS_MOVE = YES;
				CLANG_WARN_UNGUARDED_AVAILABILITY = YES_AGGRESSIVE;
				CLANG_WARN_UNREACHABLE_CODE = YES;
				CLANG_WARN__DUPLICATE_METHOD_MATCH = YES;
				COPY_PHASE_STRIP = NO;
				DEBUG_INFORMATION_FORMAT = dwarf;
				ENABLE_STRICT_OBJC_MSGSEND = YES;
				ENABLE_TESTABILITY = YES;
				GCC_C_LANGUAGE_STANDARD = gnu11;
				GCC_DYNAMIC_NO_PIC = NO;
				GCC_NO_COMMON_BLOCKS = YES;
				GCC_OPTIMIZATION_LEVEL = 0;
				GCC_PREPROCESSOR_DEFINITIONS = (
					"DEBUG=1",
					"$(inherited)",
				);
				GCC_WARN_64_TO_32_BIT_CONVERSION = YES;
				GCC_WARN_ABOUT_RETURN_TYPE = YES_ERROR;
				GCC_WARN_UNDECLARED_SELECTOR = YES;
				GCC_WARN_UNINITIALIZED_AUTOS = YES_AGGRESSIVE;
				GCC_WARN_UNUSED_FUNCTION = YES;
				GCC_WARN_UNUSED_VARIABLE = YES;
				IPHONEOS_DEPLOYMENT_TARGET = 16.0;
				MTL_ENABLE_DEBUG_INFO = INCLUDE_SOURCE;
				MTL_FAST_MATH = YES;
				ONLY_ACTIVE_ARCH = YES;
				SDKROOT = iphoneos;
				SWIFT_ACTIVE_COMPILATION_CONDITIONS = DEBUG;
				SWIFT_OPTIMIZATION_LEVEL = "-Onone";
			};
			name = Debug;
		};
		B6DE829228E729E400826201 /* Release */ = {
			isa = XCBuildConfiguration;
			buildSettings = {
				ALWAYS_SEARCH_USER_PATHS = NO;
				CLANG_ANALYZER_NONNULL = YES;
				CLANG_ANALYZER_NUMBER_OBJECT_CONVERSION = YES_AGGRESSIVE;
				CLANG_CXX_LANGUAGE_STANDARD = "gnu++20";
				CLANG_ENABLE_MODULES = YES;
				CLANG_ENABLE_OBJC_ARC = YES;
				CLANG_ENABLE_OBJC_WEAK = YES;
				CLANG_WARN_BLOCK_CAPTURE_AUTORELEASING = YES;
				CLANG_WARN_BOOL_CONVERSION = YES;
				CLANG_WARN_COMMA = YES;
				CLANG_WARN_CONSTANT_CONVERSION = YES;
				CLANG_WARN_DEPRECATED_OBJC_IMPLEMENTATIONS = YES;
				CLANG_WARN_DIRECT_OBJC_ISA_USAGE = YES_ERROR;
				CLANG_WARN_DOCUMENTATION_COMMENTS = YES;
				CLANG_WARN_EMPTY_BODY = YES;
				CLANG_WARN_ENUM_CONVERSION = YES;
				CLANG_WARN_INFINITE_RECURSION = YES;
				CLANG_WARN_INT_CONVERSION = YES;
				CLANG_WARN_NON_LITERAL_NULL_CONVERSION = YES;
				CLANG_WARN_OBJC_IMPLICIT_RETAIN_SELF = YES;
				CLANG_WARN_OBJC_LITERAL_CONVERSION = YES;
				CLANG_WARN_OBJC_ROOT_CLASS = YES_ERROR;
				CLANG_WARN_QUOTED_INCLUDE_IN_FRAMEWORK_HEADER = YES;
				CLANG_WARN_RANGE_LOOP_ANALYSIS = YES;
				CLANG_WARN_STRICT_PROTOTYPES = YES;
				CLANG_WARN_SUSPICIOUS_MOVE = YES;
				CLANG_WARN_UNGUARDED_AVAILABILITY = YES_AGGRESSIVE;
				CLANG_WARN_UNREACHABLE_CODE = YES;
				CLANG_WARN__DUPLICATE_METHOD_MATCH = YES;
				COPY_PHASE_STRIP = NO;
				DEBUG_INFORMATION_FORMAT = "dwarf-with-dsym";
				ENABLE_NS_ASSERTIONS = NO;
				ENABLE_STRICT_OBJC_MSGSEND = YES;
				GCC_C_LANGUAGE_STANDARD = gnu11;
				GCC_NO_COMMON_BLOCKS = YES;
				GCC_WARN_64_TO_32_BIT_CONVERSION = YES;
				GCC_WARN_ABOUT_RETURN_TYPE = YES_ERROR;
				GCC_WARN_UNDECLARED_SELECTOR = YES;
				GCC_WARN_UNINITIALIZED_AUTOS = YES_AGGRESSIVE;
				GCC_WARN_UNUSED_FUNCTION = YES;
				GCC_WARN_UNUSED_VARIABLE = YES;
				IPHONEOS_DEPLOYMENT_TARGET = 16.0;
				MTL_ENABLE_DEBUG_INFO = NO;
				MTL_FAST_MATH = YES;
				SDKROOT = iphoneos;
				SWIFT_COMPILATION_MODE = wholemodule;
				SWIFT_OPTIMIZATION_LEVEL = "-O";
				VALIDATE_PRODUCT = YES;
			};
			name = Release;
		};
		B6DE829428E729E400826201 /* Debug */ = {
			isa = XCBuildConfiguration;
			buildSettings = {
				ASSETCATALOG_COMPILER_APPICON_NAME = AppIcon;
				ASSETCATALOG_COMPILER_GLOBAL_ACCENT_COLOR_NAME = AccentColor;
				CODE_SIGN_STYLE = Automatic;
				CURRENT_PROJECT_VERSION = 13;
				DEVELOPMENT_ASSET_PATHS = "\"InstColor/Preview Content\"";
				DEVELOPMENT_TEAM = 2ZZ3PS5FL5;
				ENABLE_PREVIEWS = YES;
				GENERATE_INFOPLIST_FILE = YES;
				INFOPLIST_FILE = InstColor/Info.plist;
				INFOPLIST_KEY_NSCameraUsageDescription = "We use camera to extract color information, including color name, RGB values, color family and etc.";
				INFOPLIST_KEY_UIApplicationSceneManifest_Generation = YES;
				INFOPLIST_KEY_UIApplicationSupportsIndirectInputEvents = YES;
				INFOPLIST_KEY_UILaunchStoryboardName = LaunchScreen.storyboard;
				INFOPLIST_KEY_UIRequiresFullScreen = YES;
				INFOPLIST_KEY_UISupportedInterfaceOrientations_iPad = UIInterfaceOrientationPortrait;
				INFOPLIST_KEY_UISupportedInterfaceOrientations_iPhone = UIInterfaceOrientationPortrait;
				LD_RUNPATH_SEARCH_PATHS = (
					"$(inherited)",
					"@executable_path/Frameworks",
				);
				MARKETING_VERSION = 1.3;
				"OTHER_LDFLAGS[arch=*]" = "-ObjC";
				PRODUCT_BUNDLE_IDENTIFIER = com.home.leicao.InstColor;
				PRODUCT_NAME = "$(TARGET_NAME)";
				SUPPORTED_PLATFORMS = "iphoneos iphonesimulator";
				SUPPORTS_MACCATALYST = NO;
				SUPPORTS_MAC_DESIGNED_FOR_IPHONE_IPAD = NO;
				SWIFT_EMIT_LOC_STRINGS = YES;
				SWIFT_VERSION = 5.0;
				TARGETED_DEVICE_FAMILY = "1,2";
			};
			name = Debug;
		};
		B6DE829528E729E400826201 /* Release */ = {
			isa = XCBuildConfiguration;
			buildSettings = {
				ASSETCATALOG_COMPILER_APPICON_NAME = AppIcon;
				ASSETCATALOG_COMPILER_GLOBAL_ACCENT_COLOR_NAME = AccentColor;
				CODE_SIGN_STYLE = Automatic;
				CURRENT_PROJECT_VERSION = 13;
				DEVELOPMENT_ASSET_PATHS = "\"InstColor/Preview Content\"";
				DEVELOPMENT_TEAM = 2ZZ3PS5FL5;
				ENABLE_PREVIEWS = YES;
				GENERATE_INFOPLIST_FILE = YES;
				INFOPLIST_FILE = InstColor/Info.plist;
				INFOPLIST_KEY_NSCameraUsageDescription = "We use camera to extract color information, including color name, RGB values, color family and etc.";
				INFOPLIST_KEY_UIApplicationSceneManifest_Generation = YES;
				INFOPLIST_KEY_UIApplicationSupportsIndirectInputEvents = YES;
				INFOPLIST_KEY_UILaunchStoryboardName = LaunchScreen.storyboard;
				INFOPLIST_KEY_UIRequiresFullScreen = YES;
				INFOPLIST_KEY_UISupportedInterfaceOrientations_iPad = UIInterfaceOrientationPortrait;
				INFOPLIST_KEY_UISupportedInterfaceOrientations_iPhone = UIInterfaceOrientationPortrait;
				LD_RUNPATH_SEARCH_PATHS = (
					"$(inherited)",
					"@executable_path/Frameworks",
				);
				MARKETING_VERSION = 1.3;
				"OTHER_LDFLAGS[arch=*]" = "-ObjC";
				PRODUCT_BUNDLE_IDENTIFIER = com.home.leicao.InstColor;
				PRODUCT_NAME = "$(TARGET_NAME)";
				SUPPORTED_PLATFORMS = "iphoneos iphonesimulator";
				SUPPORTS_MACCATALYST = NO;
				SUPPORTS_MAC_DESIGNED_FOR_IPHONE_IPAD = NO;
				SWIFT_EMIT_LOC_STRINGS = YES;
				SWIFT_VERSION = 5.0;
				TARGETED_DEVICE_FAMILY = "1,2";
			};
			name = Release;
		};
/* End XCBuildConfiguration section */

/* Begin XCConfigurationList section */
		B6DE828028E729E300826201 /* Build configuration list for PBXProject "InstColor" */ = {
			isa = XCConfigurationList;
			buildConfigurations = (
				B6DE829128E729E400826201 /* Debug */,
				B6DE829228E729E400826201 /* Release */,
			);
			defaultConfigurationIsVisible = 0;
			defaultConfigurationName = Release;
		};
		B6DE829328E729E400826201 /* Build configuration list for PBXNativeTarget "InstColor" */ = {
			isa = XCConfigurationList;
			buildConfigurations = (
				B6DE829428E729E400826201 /* Debug */,
				B6DE829528E729E400826201 /* Release */,
			);
			defaultConfigurationIsVisible = 0;
			defaultConfigurationName = Release;
		};
/* End XCConfigurationList section */

/* Begin XCRemoteSwiftPackageReference section */
		B6078504295161B400C6897E /* XCRemoteSwiftPackageReference "swift-package-manager-google-mobile-ads" */ = {
			isa = XCRemoteSwiftPackageReference;
			repositoryURL = "https://github.com/googleads/swift-package-manager-google-mobile-ads.git";
			requirement = {
				kind = upToNextMajorVersion;
				minimumVersion = 9.0.0;
			};
		};
		B61D9C842963E0AD00ED0D0E /* XCRemoteSwiftPackageReference "purchases-ios" */ = {
			isa = XCRemoteSwiftPackageReference;
			repositoryURL = "https://github.com/RevenueCat/purchases-ios.git";
			requirement = {
				kind = upToNextMajorVersion;
				minimumVersion = 4.0.0;
			};
		};
		B659D5732944D10C00BB4D76 /* XCRemoteSwiftPackageReference "firebase-ios-sdk" */ = {
			isa = XCRemoteSwiftPackageReference;
			repositoryURL = "https://github.com/firebase/firebase-ios-sdk";
			requirement = {
				kind = upToNextMajorVersion;
				minimumVersion = 9.0.0;
			};
		};
/* End XCRemoteSwiftPackageReference section */

/* Begin XCSwiftPackageProductDependency section */
		B6078505295161B400C6897E /* GoogleMobileAds */ = {
			isa = XCSwiftPackageProductDependency;
			package = B6078504295161B400C6897E /* XCRemoteSwiftPackageReference "swift-package-manager-google-mobile-ads" */;
			productName = GoogleMobileAds;
		};
		B61D9C852963E0AD00ED0D0E /* RevenueCat */ = {
			isa = XCSwiftPackageProductDependency;
			package = B61D9C842963E0AD00ED0D0E /* XCRemoteSwiftPackageReference "purchases-ios" */;
			productName = RevenueCat;
		};
		B659D5742944D10C00BB4D76 /* FirebaseAnalytics */ = {
			isa = XCSwiftPackageProductDependency;
			package = B659D5732944D10C00BB4D76 /* XCRemoteSwiftPackageReference "firebase-ios-sdk" */;
			productName = FirebaseAnalytics;
		};
/* End XCSwiftPackageProductDependency section */
	};
	rootObject = B6DE827D28E729E300826201 /* Project object */;
}
